
Microsoft Visual Studio Solution File, Format Version 12.00
# Visual Studio Version 17
VisualStudioVersion = 17.4.33213.308
MinimumVisualStudioVersion = 10.0.40219.1
Project("{FAE04EC0-301F-11D3-BF4B-00C04F79EFBC}") = "Menu Ejercicios", "Menu Ejercicios\Menu Ejercicios.csproj", "{FA294594-EA50-441B-9F65-19A334713C9D}"
EndProject
Global
	GlobalSection(SolutionConfigurationPlatforms) = preSolution
		Debug|Any CPU = Debug|Any CPU
		Release|Any CPU = Release|Any CPU
	EndGlobalSection
	GlobalSection(ProjectConfigurationPlatforms) = postSolution
		{FA294594-EA50-441B-9F65-19A334713C9D}.Debug|Any CPU.ActiveCfg = Debug|Any CPU
		{FA294594-EA50-441B-9F65-19A334713C9D}.Debug|Any CPU.Build.0 = Debug|Any CPU
		{FA294594-EA50-441B-9F65-19A334713C9D}.Release|Any CPU.ActiveCfg = Release|Any CPU
		{FA294594-EA50-441B-9F65-19A334713C9D}.Release|Any CPU.Build.0 = Release|Any CPU
	EndGlobalSection
	GlobalSection(SolutionProperties) = preSolution
		HideSolutionNode = FALSE
	EndGlobalSection
	GlobalSection(ExtensibilityGlobals) = postSolution
		SolutionGuid = {62BA47C8-BD94-4CDA-9113-B04F3BB1B883}
	EndGlobalSection
EndGlobal
